
Microsoft Visual Studio Solution File, Format Version 12.00
# Visual Studio Version 17
VisualStudioVersion = 17.7.34031.279
MinimumVisualStudioVersion = 10.0.40219.1
Project("{FAE04EC0-301F-11D3-BF4B-00C04F79EFBC}") = "SalaryOfEachWorker", "SalaryOfEachWorker\SalaryOfEachWorker.csproj", "{675D6ABC-DEE0-4D7F-ABF1-E2EDB24CD99B}"
EndProject
Global
	GlobalSection(SolutionConfigurationPlatforms) = preSolution
		Debug|Any CPU = Debug|Any CPU
		Release|Any CPU = Release|Any CPU
	EndGlobalSection
	GlobalSection(ProjectConfigurationPlatforms) = postSolution
		{675D6ABC-DEE0-4D7F-ABF1-E2EDB24CD99B}.Debug|Any CPU.ActiveCfg = Debug|Any CPU
		{675D6ABC-DEE0-4D7F-ABF1-E2EDB24CD99B}.Debug|Any CPU.Build.0 = Debug|Any CPU
		{675D6ABC-DEE0-4D7F-ABF1-E2EDB24CD99B}.Release|Any CPU.ActiveCfg = Release|Any CPU
		{675D6ABC-DEE0-4D7F-ABF1-E2EDB24CD99B}.Release|Any CPU.Build.0 = Release|Any CPU
	EndGlobalSection
	GlobalSection(SolutionProperties) = preSolution
		HideSolutionNode = FALSE
	EndGlobalSection
	GlobalSection(ExtensibilityGlobals) = postSolution
		SolutionGuid = {B1ACB635-F8EF-456C-AEAD-57C1257AD3E6}
	EndGlobalSection
EndGlobal
